
Microsoft Visual Studio Solution File, Format Version 12.00
# Visual Studio 15
VisualStudioVersion = 15.0.26430.16
MinimumVisualStudioVersion = 10.0.40219.1
Project("{FAE04EC0-301F-11D3-BF4B-00C04F79EFBC}") = "project opgave 2018-19", "project opgave 2018-19\project opgave 2018-19.csproj", "{099333AD-F377-4C6B-A7A8-D9A94DCD06B9}"
EndProject
Global
	GlobalSection(SolutionConfigurationPlatforms) = preSolution
		Debug|Any CPU = Debug|Any CPU
		Release|Any CPU = Release|Any CPU
	EndGlobalSection
	GlobalSection(ProjectConfigurationPlatforms) = postSolution
		{099333AD-F377-4C6B-A7A8-D9A94DCD06B9}.Debug|Any CPU.ActiveCfg = Debug|Any CPU
		{099333AD-F377-4C6B-A7A8-D9A94DCD06B9}.Debug|Any CPU.Build.0 = Debug|Any CPU
		{099333AD-F377-4C6B-A7A8-D9A94DCD06B9}.Release|Any CPU.ActiveCfg = Release|Any CPU
		{099333AD-F377-4C6B-A7A8-D9A94DCD06B9}.Release|Any CPU.Build.0 = Release|Any CPU
	EndGlobalSection
	GlobalSection(SolutionProperties) = preSolution
		HideSolutionNode = FALSE
	EndGlobalSection
EndGlobal
