
Microsoft Visual Studio Solution File, Format Version 12.00
# Visual Studio Version 16
VisualStudioVersion = 16.0.28902.138
MinimumVisualStudioVersion = 10.0.40219.1
Project("{FAE04EC0-301F-11D3-BF4B-00C04F79EFBC}") = "Autorepairshop Case", "Autorepairshop Case.csproj", "{A84C53CF-90CB-4343-BFC4-37C6B6856821}"
EndProject
Global
	GlobalSection(SolutionConfigurationPlatforms) = preSolution
		Debug|Any CPU = Debug|Any CPU
		Release|Any CPU = Release|Any CPU
	EndGlobalSection
	GlobalSection(ProjectConfigurationPlatforms) = postSolution
		{A84C53CF-90CB-4343-BFC4-37C6B6856821}.Debug|Any CPU.ActiveCfg = Debug|Any CPU
		{A84C53CF-90CB-4343-BFC4-37C6B6856821}.Debug|Any CPU.Build.0 = Debug|Any CPU
		{A84C53CF-90CB-4343-BFC4-37C6B6856821}.Release|Any CPU.ActiveCfg = Release|Any CPU
		{A84C53CF-90CB-4343-BFC4-37C6B6856821}.Release|Any CPU.Build.0 = Release|Any CPU
	EndGlobalSection
	GlobalSection(SolutionProperties) = preSolution
		HideSolutionNode = FALSE
	EndGlobalSection
	GlobalSection(ExtensibilityGlobals) = postSolution
		SolutionGuid = {FB44BBA6-0CAA-4A09-B14A-91E502EF0AE6}
	EndGlobalSection
EndGlobal
